{
  "nodes": {
    "catppuccin": {
      "inputs": {
        "nixpkgs": "nixpkgs"
      },
      "locked": {
        "lastModified": 1780143400,
        "narHash": "sha256-jN9RJ4OeuLdCxZ1G0d4zqy0HuHnqODxxgN6pQoYfAH8=",
        "owner": "catppuccin",
        "repo": "nix",
        "rev": "096f4670cf078d810a931fae59b57db4cc3fb4d3",
        "type": "github"
      },
      "original": {
        "owner": "catppuccin",
        "ref": "release-26.05",
        "repo": "nix",
        "type": "github"
      }
    },
    "crane": {
      "locked": {
        "lastModified": 1784564969,
        "narHash": "sha256-TkTWNhJV/8Wk3czlbz4bwHZkFCaCHPsOy+oJe4PUiXg=",
        "owner": "ipetkov",
        "repo": "crane",
        "rev": "7930f6c291de6f83c257839d434592aa085f290a",
        "type": "github"
      },
      "original": {
        "owner": "ipetkov",
        "repo": "crane",
        "type": "github"
      }
    },
    "flake-compat": {
      "flake": false,
      "locked": {
        "lastModified": 1767039857,
        "narHash": "sha256-vNpUSpF5Nuw8xvDLj2KCwwksIbjua2LZCqhV1LNRDns=",
        "owner": "NixOS",
        "repo": "flake-compat",
        "rev": "5edf11c44bc78a0d334f6334cdaf7d60d732daab",
        "type": "github"
      },
      "original": {
        "owner": "NixOS",
        "repo": "flake-compat",
        "type": "github"
      }
    },
    "flake-compat_2": {
      "locked": {
        "lastModified": 1733328505,
        "narHash": "sha256-NeCCThCEP3eCl2l/+27kNNK7QrwZB1IJCrXfrbv5oqU=",
        "rev": "ff81ac966bb2cae68946d5ed5fc4994f96d0ffec",
        "revCount": 69,
        "type": "tarball",
        "url": "https://api.flakehub.com/f/pinned/edolstra/flake-compat/1.1.0/01948eb7-9cba-704f-bbf3-3fa956735b52/source.tar.gz"
      },
      "original": {
        "type": "tarball",
        "url": "https://flakehub.com/f/edolstra/flake-compat/1.tar.gz"
      }
    },
    "flake-parts": {
      "inputs": {
        "nixpkgs-lib": "nixpkgs-lib"
      },
      "locked": {
        "lastModified": 1760948891,
        "narHash": "sha256-TmWcdiUUaWk8J4lpjzu4gCGxWY6/Ok7mOK4fIFfBuU4=",
        "owner": "hercules-ci",
        "repo": "flake-parts",
        "rev": "864599284fc7c0ba6357ed89ed5e2cd5040f0c04",
        "type": "github"
      },
      "original": {
        "owner": "hercules-ci",
        "repo": "flake-parts",
        "type": "github"
      }
    },
    "home-manager": {
      "inputs": {
        "nixpkgs": [
          "nixpkgs"
        ]
      },
      "locked": {
        "lastModified": 1784350909,
        "narHash": "sha256-ZWyzLbS1yKUTeFJLmdVuWNnHttL333/ldJbEE+KzCrM=",
        "owner": "nix-community",
        "repo": "home-manager",
        "rev": "4ce190229c73d44536caa7072f6308fb2d8feeb3",
        "type": "github"
      },
      "original": {
        "owner": "nix-community",
        "ref": "release-26.05",
        "repo": "home-manager",
        "type": "github"
      }
    },
    "lanzaboote": {
      "inputs": {
        "crane": "crane",
        "nixpkgs": [
          "nixpkgs"
        ],
        "pre-commit": "pre-commit",
        "rust-overlay": "rust-overlay"
      },
      "locked": {
        "lastModified": 1785749642,
        "narHash": "sha256-5/wlGe3a4ucxvYq2cuAAsuSFWKcIttQ6En83MLlV2jY=",
        "owner": "nix-community",
        "repo": "lanzaboote",
        "rev": "f142433bdbeffd2af51231e0aff7162c2bfbf6ef",
        "type": "github"
      },
      "original": {
        "owner": "nix-community",
        "repo": "lanzaboote",
        "type": "github"
      }
    },
    "nix-snapd": {
      "inputs": {
        "flake-compat": "flake-compat_2",
        "flake-parts": "flake-parts",
        "nixpkgs": "nixpkgs_2"
      },
      "locked": {
        "lastModified": 1761703712,
        "narHash": "sha256-OKuNVXmHuZ0zi8T0aGWrBJizIfvdTqV1RiV0IN8GPZs=",
        "owner": "nix-community",
        "repo": "nix-snapd",
        "rev": "f7694a0e26d890e285137e1b726b1b44038805c4",
        "type": "github"
      },
      "original": {
        "owner": "nix-community",
        "repo": "nix-snapd",
        "type": "github"
      }
    },
    "nixos-hardware": {
      "inputs": {
        "nixpkgs": "nixpkgs_3"
      },
      "locked": {
        "lastModified": 1784310968,
        "narHash": "sha256-rkSPTePrKqs4dg+i7ZFCq93+HrClac6oSwXX927SVjA=",
        "owner": "NixOS",
        "repo": "nixos-hardware",
        "rev": "779c32a00155994c86cde8213a8dd4df139d4355",
        "type": "github"
      },
      "original": {
        "owner": "NixOS",
        "repo": "nixos-hardware",
        "type": "github"
      }
    },
    "nixpkgs": {
      "locked": {
        "lastModified": 1779622335,
        "narHash": "sha256-6lZN0CPBbeK9UVgFQ8EV4t2qSVQPhhlerFBGZRiz73Y=",
        "rev": "705e9929918b43bd7b715dc0a878ac870449bb03",
        "type": "tarball",
        "url": "https://releases.nixos.org/nixos/26.05/nixos-26.05beta1.705e9929918b/nixexprs.tar.xz"
      },
      "original": {
        "type": "tarball",
        "url": "https://channels.nixos.org/nixos-26.05/nixexprs.tar.xz"
      }
    },
    "nixpkgs-lib": {
      "locked": {
        "lastModified": 1754788789,
        "narHash": "sha256-x2rJ+Ovzq0sCMpgfgGaaqgBSwY+LST+WbZ6TytnT9Rk=",
        "owner": "nix-community",
        "repo": "nixpkgs.lib",
        "rev": "a73b9c743612e4244d865a2fdee11865283c04e6",
        "type": "github"
      },
      "original": {
        "owner": "nix-community",
        "repo": "nixpkgs.lib",
        "type": "github"
      }
    },
    "nixpkgs_2": {
      "locked": {
        "lastModified": 1761442529,
        "narHash": "sha256-8aDps5fCt0Ndw56ZgeBvdT7E5zeUSFi3CJaNR7ZJKnA=",
        "owner": "nixos",
        "repo": "nixpkgs",
        "rev": "75762615e96b1a7f172dcdadf62aa9f3aebedf7b",
        "type": "github"
      },
      "original": {
        "owner": "nixos",
        "repo": "nixpkgs",
        "type": "github"
      }
    },
    "nixpkgs_3": {
      "locked": {
        "lastModified": 1767892417,
        "narHash": "sha256-8bW3q88CEg2u4hSP66Vf4lpbLonHz7hqDNBMcCY7E9U=",
        "rev": "3497aa5c9457a9d88d71fa93a4a8368816fbeeba",
        "type": "tarball",
        "url": "https://releases.nixos.org/nixos/unstable/nixos-26.05pre924538.3497aa5c9457/nixexprs.tar.xz"
      },
      "original": {
        "type": "tarball",
        "url": "https://channels.nixos.org/nixos-unstable/nixexprs.tar.xz"
      }
    },
    "nixpkgs_4": {
      "locked": {
        "lastModified": 1782233679,
        "narHash": "sha256-QyuGP5+QOtmXpy4i2X4DhBVBaySBdDKQEhqKcphcp34=",
        "owner": "NixOS",
        "repo": "nixpkgs",
        "rev": "667d5cf1c59585031d743c78b394b0a647537c35",
        "type": "github"
      },
      "original": {
        "owner": "NixOS",
        "ref": "nixos-26.05",
        "repo": "nixpkgs",
        "type": "github"
      }
    },
    "pre-commit": {
      "inputs": {
        "flake-compat": "flake-compat",
        "nixpkgs": [
          "lanzaboote",
          "nixpkgs"
        ]
      },
      "locked": {
        "lastModified": 1784288435,
        "narHash": "sha256-ReRHaLgr/uVqdD8afFSn+myXIfpHeOhP0yYe0TJqAA8=",
        "owner": "cachix",
        "repo": "git-hooks.nix",
        "rev": "43b3c1ab9d40fb1dbb008f451988a91e375825e9",
        "type": "github"
      },
      "original": {
        "owner": "cachix",
        "repo": "git-hooks.nix",
        "type": "github"
      }
    },
    "root": {
      "inputs": {
        "catppuccin": "catppuccin",
        "home-manager": "home-manager",
        "lanzaboote": "lanzaboote",
        "nix-snapd": "nix-snapd",
        "nixos-hardware": "nixos-hardware",
        "nixpkgs": "nixpkgs_4"
      }
    },
    "rust-overlay": {
      "inputs": {
        "nixpkgs": [
          "lanzaboote",
          "nixpkgs"
        ]
      },
      "locked": {
        "lastModified": 1785044261,
        "narHash": "sha256-ehF/c4fLdgmNu7YXEClnmwhoBYddhYIVoSQpsZoorC4=",
        "owner": "oxalica",
        "repo": "rust-overlay",
        "rev": "fe2124391e739e7b3e8720cd8a73f06edd0aceba",
        "type": "github"
      },
      "original": {
        "owner": "oxalica",
        "repo": "rust-overlay",
        "type": "github"
      }
    }
  },
  "root": "root",
  "version": 7
}
